
Microsoft Visual Studio Solution File, Format Version 12.00
# Visual Studio 15
VisualStudioVersion = 15.0.27428.2037
MinimumVisualStudioVersion = 10.0.40219.1
Project("{FAE04EC0-301F-11D3-BF4B-00C04F79EFBC}") = "ReactDemo", "ReactDemo\ReactDemo.csproj", "{B0760FE8-6570-49F1-B000-72C4FE61BCF6}"
EndProject
Global
	GlobalSection(SolutionConfigurationPlatforms) = preSolution
		Debug|Any CPU = Debug|Any CPU
		Release|Any CPU = Release|Any CPU
	EndGlobalSection
	GlobalSection(ProjectConfigurationPlatforms) = postSolution
		{B0760FE8-6570-49F1-B000-72C4FE61BCF6}.Debug|Any CPU.ActiveCfg = Debug|Any CPU
		{B0760FE8-6570-49F1-B000-72C4FE61BCF6}.Debug|Any CPU.Build.0 = Debug|Any CPU
		{B0760FE8-6570-49F1-B000-72C4FE61BCF6}.Release|Any CPU.ActiveCfg = Release|Any CPU
		{B0760FE8-6570-49F1-B000-72C4FE61BCF6}.Release|Any CPU.Build.0 = Release|Any CPU
	EndGlobalSection
	GlobalSection(SolutionProperties) = preSolution
		HideSolutionNode = FALSE
	EndGlobalSection
	GlobalSection(ExtensibilityGlobals) = postSolution
		SolutionGuid = {0B6B6892-0072-4AEA-9BAA-8E56FE161DF9}
	EndGlobalSection
EndGlobal
